
Microsoft Visual Studio Solution File, Format Version 12.00
# Visual Studio Version 16
VisualStudioVersion = 16.0.33927.289
MinimumVisualStudioVersion = 10.0.40219.1
Project("{2150E333-8FDC-42A3-9474-1A3956D46DE8}") = "Task0", "Task0", "{5A22FEFC-6836-4B0A-9FF5-574C911409D6}"
EndProject
Project("{FAE04EC0-301F-11D3-BF4B-00C04F79EFBC}") = "Tyuiu.OdarenkoAR_Sprint0.Task0.V0", "Tyuiu.OdarenkoAR_Sprint0.Task0.V0\Tyuiu.OdarenkoAR_Sprint0.Task0.V0.csproj", "{858AB2C2-E2B8-465B-A3A4-EDF882AD1044}"
EndProject
Project("{2150E333-8FDC-42A3-9474-1A3956D46DE8}") = "Task1", "Task1", "{B45662C9-1033-49BA-989B-428FAF0EF517}"
EndProject
Project("{FAE04EC0-301F-11D3-BF4B-00C04F79EFBC}") = "Tyuiu.OdarenkoAR_Sprint0.Tas1.V0", "Tyuiu.OdarenkoAR_Sprint0.Tas1.V0\Tyuiu.OdarenkoAR_Sprint0.Tas1.V0.csproj", "{32EE2BB0-B98C-48BA-93B2-46E3C4DB3DF0}"
EndProject
Project("{2150E333-8FDC-42A3-9474-1A3956D46DE8}") = "Task2", "Task2", "{8F5906DB-1CDC-4F4D-81E8-40896C693E0B}"
EndProject
Project("{FAE04EC0-301F-11D3-BF4B-00C04F79EFBC}") = "Tyuiu.OdarenkoAR_Sprint0.Task2.V0", "Tyuiu.OdarenkoAR_Sprint0.Task2.V0\Tyuiu.OdarenkoAR_Sprint0.Task2.V0.csproj", "{9D6B0E28-2301-4787-8EAB-DFE21299D3C8}"
EndProject
Project("{FAE04EC0-301F-11D3-BF4B-00C04F79EFBC}") = "Tyuiu.OdarenkoAR_Sprint0.Task2.V0.Lib", "Tyuiu.OdarenkoAR_Sprint0.Task2.V0.Lib\Tyuiu.OdarenkoAR_Sprint0.Task2.V0.Lib.csproj", "{D557C7C4-AD5B-478F-8299-16C09C087C53}"
EndProject
Project("{FAE04EC0-301F-11D3-BF4B-00C04F79EFBC}") = "Tyuiu.OdarenkoAR_Sprint0.Task2.V0.Test", "Tyuiu.OdarenkoAR_Sprint0.Task2.V0.Test\Tyuiu.OdarenkoAR_Sprint0.Task2.V0.Test.csproj", "{0D9D52E2-F41C-497C-A7EC-78758C8BEFEA}"
EndProject
Project("{2150E333-8FDC-42A3-9474-1A3956D46DE8}") = "Task3", "Task3", "{B172E686-5B91-463F-84C2-6F172043310F}"
EndProject
Project("{FAE04EC0-301F-11D3-BF4B-00C04F79EFBC}") = "Tyuiu.OdarenkoAR_Sprint0.Task3.V0", "Tyuiu.OdarenkoAR_Sprint0.Task3.V0\Tyuiu.OdarenkoAR_Sprint0.Task3.V0.csproj", "{D8F02E26-AE35-474C-9D80-8C2BBB07DC96}"
EndProject
Project("{FAE04EC0-301F-11D3-BF4B-00C04F79EFBC}") = "Tyuiu.OdarenkoAR_Sprint0.Task3.V0.Lib", "Tyuiu.OdarenkoAR_Sprint0.Task3.V0.Lib\Tyuiu.OdarenkoAR_Sprint0.Task3.V0.Lib.csproj", "{BBB73422-1215-4034-BD1C-9A3D79E553B6}"
EndProject
Project("{FAE04EC0-301F-11D3-BF4B-00C04F79EFBC}") = "Tyuiu.OdarenkoAR_Sprint0.Task3.V0.Test", "Tyuiu.OdarenkoAR_Sprint0.Task3.V0.Test\Tyuiu.OdarenkoAR_Sprint0.Task3.V0.Test.csproj", "{FC10107D-F63E-49C5-935D-C3F4E223369B}"
EndProject
Project("{2150E333-8FDC-42A3-9474-1A3956D46DE8}") = "Task4", "Task4", "{C0A0EA23-1D38-4A0F-B22B-565583818063}"
EndProject
Project("{FAE04EC0-301F-11D3-BF4B-00C04F79EFBC}") = "Tyuiu.OdarenkoAR_Sprint0.Task4.V0", "Tyuiu.OdarenkoAR_Sprint0.Task4.V0\Tyuiu.OdarenkoAR_Sprint0.Task4.V0.csproj", "{C8711B1D-7F40-4D15-8E90-2CC1879ABDAC}"
EndProject
Project("{FAE04EC0-301F-11D3-BF4B-00C04F79EFBC}") = "Tyuiu.OdarenkoAR_Sprint0.Task4.V0.Lib", "Tyuiu.OdarenkoAR_Sprint0.Task4.V0.Lib\Tyuiu.OdarenkoAR_Sprint0.Task4.V0.Lib.csproj", "{87730B7E-ECC8-4976-89AB-918F2B583676}"
EndProject
Project("{FAE04EC0-301F-11D3-BF4B-00C04F79EFBC}") = "Tyuiu.OdarenkoAR_Sprint0.Task4.V0.Test", "Tyuiu.OdarenkoAR_Sprint0.Task4.V0.Test\Tyuiu.OdarenkoAR_Sprint0.Task4.V0.Test.csproj", "{75A0B161-5EC7-454D-90A9-151ABC54F9E9}"
EndProject
Project("{2150E333-8FDC-42A3-9474-1A3956D46DE8}") = "Task5", "Task5", "{4869A79F-8A2A-4CF3-9236-C17ED3CD5105}"
EndProject
Project("{FAE04EC0-301F-11D3-BF4B-00C04F79EFBC}") = "Tyuiu.OdarenkoAR_Sprint0.Task5.V0", "Tyuiu.OdarenkoAR_Sprint0.Task5.V0\Tyuiu.OdarenkoAR_Sprint0.Task5.V0.csproj", "{9A5CB631-C72C-4BAF-BF19-61B83A6C61A9}"
EndProject
Project("{FAE04EC0-301F-11D3-BF4B-00C04F79EFBC}") = "Tyuiu.OdarenkoAR_Sprint0.Task5.V0.Lib", "Tyuiu.OdarenkoAR_Sprint0.Task5.V0.Lib\Tyuiu.OdarenkoAR_Sprint0.Task5.V0.Lib.csproj", "{BAD1ECA9-06E5-4110-AD71-F921147C032C}"
EndProject
Project("{FAE04EC0-301F-11D3-BF4B-00C04F79EFBC}") = "Tyuiu.OdarenkoAR_Sprint0.Task5.V0.Test", "Tyuiu.OdarenkoAR_Sprint0.Task5.V0.Test\Tyuiu.OdarenkoAR_Sprint0.Task5.V0.Test.csproj", "{5F8CBC17-142F-41BA-83ED-6DC297C3D1F5}"
EndProject
Project("{2150E333-8FDC-42A3-9474-1A3956D46DE8}") = "Task6", "Task6", "{52B8126B-3EA6-4C1D-9C9D-4D4CE76B9990}"
EndProject
Project("{FAE04EC0-301F-11D3-BF4B-00C04F79EFBC}") = "Tyuiu.OdarenkoAR_Sprint0.Task6.V0", "Tyuiu.OdarenkoAR_Sprint0.Task6.V0\Tyuiu.OdarenkoAR_Sprint0.Task6.V0.csproj", "{9D2E59AC-4FA7-44FA-9CBC-EDE02F64E803}"
EndProject
Project("{FAE04EC0-301F-11D3-BF4B-00C04F79EFBC}") = "Tyuiu.OdarenkoAR_Sprint0.Task6.V0.Lib", "Tyuiu.OdarenkoAR_Sprint0.Task6.V0.Lib\Tyuiu.OdarenkoAR_Sprint0.Task6.V0.Lib.csproj", "{C8ADD03B-CC97-4624-8BA4-56CE0E921123}"
EndProject
Project("{FAE04EC0-301F-11D3-BF4B-00C04F79EFBC}") = "Tyuiu.OdarenkoAR_Sprint0.Task6.V0.Test", "Tyuiu.OdarenkoAR_Sprint0.Task6.V0.Test\Tyuiu.OdarenkoAR_Sprint0.Task6.V0.Test.csproj", "{2B97F194-205A-4AC5-8F35-46C8C6A4C6A0}"
EndProject
Project("{2150E333-8FDC-42A3-9474-1A3956D46DE8}") = "Task7", "Task7", "{721B444F-3601-45F3-846F-17F0685F1B7C}"
EndProject
Project("{FAE04EC0-301F-11D3-BF4B-00C04F79EFBC}") = "Tyuiu.OdarenkoAR_Sprint0.Task7.V0", "Tyuiu.OdarenkoAR_Sprint0.Task7.V0\Tyuiu.OdarenkoAR_Sprint0.Task7.V0.csproj", "{2751078E-F14B-487A-81C8-19D1F6054FF5}"
EndProject
Project("{FAE04EC0-301F-11D3-BF4B-00C04F79EFBC}") = "Tyuiu.OdarenkoAR_Sprint0.Task7.V0.Lib", "Tyuiu.OdarenkoAR_Sprint0.Task7.V0.Lib\Tyuiu.OdarenkoAR_Sprint0.Task7.V0.Lib.csproj", "{3BCB4B89-5BF9-434A-AE6C-A8EB37D2A9A5}"
EndProject
Project("{FAE04EC0-301F-11D3-BF4B-00C04F79EFBC}") = "Tyuiu.OdarenkoAR_Sprint0.Task7.V0.Test", "Tyuiu.OdarenkoAR_Sprint0.Task7.V0.Test\Tyuiu.OdarenkoAR_Sprint0.Task7.V0.Test.csproj", "{B1BB0137-E56A-4F79-850C-18F5813AFA19}"
EndProject
Global
	GlobalSection(SolutionConfigurationPlatforms) = preSolution
		Debug|Any CPU = Debug|Any CPU
		Release|Any CPU = Release|Any CPU
	EndGlobalSection
	GlobalSection(ProjectConfigurationPlatforms) = postSolution
		{858AB2C2-E2B8-465B-A3A4-EDF882AD1044}.Debug|Any CPU.ActiveCfg = Debug|Any CPU
		{858AB2C2-E2B8-465B-A3A4-EDF882AD1044}.Debug|Any CPU.Build.0 = Debug|Any CPU
		{858AB2C2-E2B8-465B-A3A4-EDF882AD1044}.Release|Any CPU.ActiveCfg = Release|Any CPU
		{858AB2C2-E2B8-465B-A3A4-EDF882AD1044}.Release|Any CPU.Build.0 = Release|Any CPU
		{32EE2BB0-B98C-48BA-93B2-46E3C4DB3DF0}.Debug|Any CPU.ActiveCfg = Debug|Any CPU
		{32EE2BB0-B98C-48BA-93B2-46E3C4DB3DF0}.Debug|Any CPU.Build.0 = Debug|Any CPU
		{32EE2BB0-B98C-48BA-93B2-46E3C4DB3DF0}.Release|Any CPU.ActiveCfg = Release|Any CPU
		{32EE2BB0-B98C-48BA-93B2-46E3C4DB3DF0}.Release|Any CPU.Build.0 = Release|Any CPU
		{9D6B0E28-2301-4787-8EAB-DFE21299D3C8}.Debug|Any CPU.ActiveCfg = Debug|Any CPU
		{9D6B0E28-2301-4787-8EAB-DFE21299D3C8}.Debug|Any CPU.Build.0 = Debug|Any CPU
		{9D6B0E28-2301-4787-8EAB-DFE21299D3C8}.Release|Any CPU.ActiveCfg = Release|Any CPU
		{9D6B0E28-2301-4787-8EAB-DFE21299D3C8}.Release|Any CPU.Build.0 = Release|Any CPU
		{D557C7C4-AD5B-478F-8299-16C09C087C53}.Debug|Any CPU.ActiveCfg = Debug|Any CPU
		{D557C7C4-AD5B-478F-8299-16C09C087C53}.Debug|Any CPU.Build.0 = Debug|Any CPU
		{D557C7C4-AD5B-478F-8299-16C09C087C53}.Release|Any CPU.ActiveCfg = Release|Any CPU
		{D557C7C4-AD5B-478F-8299-16C09C087C53}.Release|Any CPU.Build.0 = Release|Any CPU
		{0D9D52E2-F41C-497C-A7EC-78758C8BEFEA}.Debug|Any CPU.ActiveCfg = Debug|Any CPU
		{0D9D52E2-F41C-497C-A7EC-78758C8BEFEA}.Debug|Any CPU.Build.0 = Debug|Any CPU
		{0D9D52E2-F41C-497C-A7EC-78758C8BEFEA}.Release|Any CPU.ActiveCfg = Release|Any CPU
		{0D9D52E2-F41C-497C-A7EC-78758C8BEFEA}.Release|Any CPU.Build.0 = Release|Any CPU
		{D8F02E26-AE35-474C-9D80-8C2BBB07DC96}.Debug|Any CPU.ActiveCfg = Debug|Any CPU
		{D8F02E26-AE35-474C-9D80-8C2BBB07DC96}.Debug|Any CPU.Build.0 = Debug|Any CPU
		{D8F02E26-AE35-474C-9D80-8C2BBB07DC96}.Release|Any CPU.ActiveCfg = Release|Any CPU
		{D8F02E26-AE35-474C-9D80-8C2BBB07DC96}.Release|Any CPU.Build.0 = Release|Any CPU
		{BBB73422-1215-4034-BD1C-9A3D79E553B6}.Debug|Any CPU.ActiveCfg = Debug|Any CPU
		{BBB73422-1215-4034-BD1C-9A3D79E553B6}.Debug|Any CPU.Build.0 = Debug|Any CPU
		{BBB73422-1215-4034-BD1C-9A3D79E553B6}.Release|Any CPU.ActiveCfg = Release|Any CPU
		{BBB73422-1215-4034-BD1C-9A3D79E553B6}.Release|Any CPU.Build.0 = Release|Any CPU
		{FC10107D-F63E-49C5-935D-C3F4E223369B}.Debug|Any CPU.ActiveCfg = Debug|Any CPU
		{FC10107D-F63E-49C5-935D-C3F4E223369B}.Debug|Any CPU.Build.0 = Debug|Any CPU
		{FC10107D-F63E-49C5-935D-C3F4E223369B}.Release|Any CPU.ActiveCfg = Release|Any CPU
		{FC10107D-F63E-49C5-935D-C3F4E223369B}.Release|Any CPU.Build.0 = Release|Any CPU
		{C8711B1D-7F40-4D15-8E90-2CC1879ABDAC}.Debug|Any CPU.ActiveCfg = Debug|Any CPU
		{C8711B1D-7F40-4D15-8E90-2CC1879ABDAC}.Debug|Any CPU.Build.0 = Debug|Any CPU
		{C8711B1D-7F40-4D15-8E90-2CC1879ABDAC}.Release|Any CPU.ActiveCfg = Release|Any CPU
		{C8711B1D-7F40-4D15-8E90-2CC1879ABDAC}.Release|Any CPU.Build.0 = Release|Any CPU
		{87730B7E-ECC8-4976-89AB-918F2B583676}.Debug|Any CPU.ActiveCfg = Debug|Any CPU
		{87730B7E-ECC8-4976-89AB-918F2B583676}.Debug|Any CPU.Build.0 = Debug|Any CPU
		{87730B7E-ECC8-4976-89AB-918F2B583676}.Release|Any CPU.ActiveCfg = Release|Any CPU
		{87730B7E-ECC8-4976-89AB-918F2B583676}.Release|Any CPU.Build.0 = Release|Any CPU
		{75A0B161-5EC7-454D-90A9-151ABC54F9E9}.Debug|Any CPU.ActiveCfg = Debug|Any CPU
		{75A0B161-5EC7-454D-90A9-151ABC54F9E9}.Debug|Any CPU.Build.0 = Debug|Any CPU
		{75A0B161-5EC7-454D-90A9-151ABC54F9E9}.Release|Any CPU.ActiveCfg = Release|Any CPU
		{75A0B161-5EC7-454D-90A9-151ABC54F9E9}.Release|Any CPU.Build.0 = Release|Any CPU
		{9A5CB631-C72C-4BAF-BF19-61B83A6C61A9}.Debug|Any CPU.ActiveCfg = Debug|Any CPU
		{9A5CB631-C72C-4BAF-BF19-61B83A6C61A9}.Debug|Any CPU.Build.0 = Debug|Any CPU
		{9A5CB631-C72C-4BAF-BF19-61B83A6C61A9}.Release|Any CPU.ActiveCfg = Release|Any CPU
		{9A5CB631-C72C-4BAF-BF19-61B83A6C61A9}.Release|Any CPU.Build.0 = Release|Any CPU
		{BAD1ECA9-06E5-4110-AD71-F921147C032C}.Debug|Any CPU.ActiveCfg = Debug|Any CPU
		{BAD1ECA9-06E5-4110-AD71-F921147C032C}.Debug|Any CPU.Build.0 = Debug|Any CPU
		{BAD1ECA9-06E5-4110-AD71-F921147C032C}.Release|Any CPU.ActiveCfg = Release|Any CPU
		{BAD1ECA9-06E5-4110-AD71-F921147C032C}.Release|Any CPU.Build.0 = Release|Any CPU
		{5F8CBC17-142F-41BA-83ED-6DC297C3D1F5}.Debug|Any CPU.ActiveCfg = Debug|Any CPU
		{5F8CBC17-142F-41BA-83ED-6DC297C3D1F5}.Debug|Any CPU.Build.0 = Debug|Any CPU
		{5F8CBC17-142F-41BA-83ED-6DC297C3D1F5}.Release|Any CPU.ActiveCfg = Release|Any CPU
		{5F8CBC17-142F-41BA-83ED-6DC297C3D1F5}.Release|Any CPU.Build.0 = Release|Any CPU
		{9D2E59AC-4FA7-44FA-9CBC-EDE02F64E803}.Debug|Any CPU.ActiveCfg = Debug|Any CPU
		{9D2E59AC-4FA7-44FA-9CBC-EDE02F64E803}.Debug|Any CPU.Build.0 = Debug|Any CPU
		{9D2E59AC-4FA7-44FA-9CBC-EDE02F64E803}.Release|Any CPU.ActiveCfg = Release|Any CPU
		{9D2E59AC-4FA7-44FA-9CBC-EDE02F64E803}.Release|Any CPU.Build.0 = Release|Any CPU
		{C8ADD03B-CC97-4624-8BA4-56CE0E921123}.Debug|Any CPU.ActiveCfg = Debug|Any CPU
		{C8ADD03B-CC97-4624-8BA4-56CE0E921123}.Debug|Any CPU.Build.0 = Debug|Any CPU
		{C8ADD03B-CC97-4624-8BA4-56CE0E921123}.Release|Any CPU.ActiveCfg = Release|Any CPU
		{C8ADD03B-CC97-4624-8BA4-56CE0E921123}.Release|Any CPU.Build.0 = Release|Any CPU
		{2B97F194-205A-4AC5-8F35-46C8C6A4C6A0}.Debug|Any CPU.ActiveCfg = Debug|Any CPU
		{2B97F194-205A-4AC5-8F35-46C8C6A4C6A0}.Debug|Any CPU.Build.0 = Debug|Any CPU
		{2B97F194-205A-4AC5-8F35-46C8C6A4C6A0}.Release|Any CPU.ActiveCfg = Release|Any CPU
		{2B97F194-205A-4AC5-8F35-46C8C6A4C6A0}.Release|Any CPU.Build.0 = Release|Any CPU
		{2751078E-F14B-487A-81C8-19D1F6054FF5}.Debug|Any CPU.ActiveCfg = Debug|Any CPU
		{2751078E-F14B-487A-81C8-19D1F6054FF5}.Debug|Any CPU.Build.0 = Debug|Any CPU
		{2751078E-F14B-487A-81C8-19D1F6054FF5}.Release|Any CPU.ActiveCfg = Release|Any CPU
		{2751078E-F14B-487A-81C8-19D1F6054FF5}.Release|Any CPU.Build.0 = Release|Any CPU
		{3BCB4B89-5BF9-434A-AE6C-A8EB37D2A9A5}.Debug|Any CPU.ActiveCfg = Debug|Any CPU
		{3BCB4B89-5BF9-434A-AE6C-A8EB37D2A9A5}.Debug|Any CPU.Build.0 = Debug|Any CPU
		{3BCB4B89-5BF9-434A-AE6C-A8EB37D2A9A5}.Release|Any CPU.ActiveCfg = Release|Any CPU
		{3BCB4B89-5BF9-434A-AE6C-A8EB37D2A9A5}.Release|Any CPU.Build.0 = Release|Any CPU
		{B1BB0137-E56A-4F79-850C-18F5813AFA19}.Debug|Any CPU.ActiveCfg = Debug|Any CPU
		{B1BB0137-E56A-4F79-850C-18F5813AFA19}.Debug|Any CPU.Build.0 = Debug|Any CPU
		{B1BB0137-E56A-4F79-850C-18F5813AFA19}.Release|Any CPU.ActiveCfg = Release|Any CPU
		{B1BB0137-E56A-4F79-850C-18F5813AFA19}.Release|Any CPU.Build.0 = Release|Any CPU
	EndGlobalSection
	GlobalSection(SolutionProperties) = preSolution
		HideSolutionNode = FALSE
	EndGlobalSection
	GlobalSection(NestedProjects) = preSolution
		{858AB2C2-E2B8-465B-A3A4-EDF882AD1044} = {5A22FEFC-6836-4B0A-9FF5-574C911409D6}
		{32EE2BB0-B98C-48BA-93B2-46E3C4DB3DF0} = {B45662C9-1033-49BA-989B-428FAF0EF517}
		{9D6B0E28-2301-4787-8EAB-DFE21299D3C8} = {8F5906DB-1CDC-4F4D-81E8-40896C693E0B}
		{D557C7C4-AD5B-478F-8299-16C09C087C53} = {8F5906DB-1CDC-4F4D-81E8-40896C693E0B}
		{0D9D52E2-F41C-497C-A7EC-78758C8BEFEA} = {8F5906DB-1CDC-4F4D-81E8-40896C693E0B}
		{D8F02E26-AE35-474C-9D80-8C2BBB07DC96} = {B172E686-5B91-463F-84C2-6F172043310F}
		{BBB73422-1215-4034-BD1C-9A3D79E553B6} = {B172E686-5B91-463F-84C2-6F172043310F}
		{FC10107D-F63E-49C5-935D-C3F4E223369B} = {B172E686-5B91-463F-84C2-6F172043310F}
		{C8711B1D-7F40-4D15-8E90-2CC1879ABDAC} = {C0A0EA23-1D38-4A0F-B22B-565583818063}
		{87730B7E-ECC8-4976-89AB-918F2B583676} = {C0A0EA23-1D38-4A0F-B22B-565583818063}
		{75A0B161-5EC7-454D-90A9-151ABC54F9E9} = {C0A0EA23-1D38-4A0F-B22B-565583818063}
		{9A5CB631-C72C-4BAF-BF19-61B83A6C61A9} = {4869A79F-8A2A-4CF3-9236-C17ED3CD5105}
		{BAD1ECA9-06E5-4110-AD71-F921147C032C} = {4869A79F-8A2A-4CF3-9236-C17ED3CD5105}
		{5F8CBC17-142F-41BA-83ED-6DC297C3D1F5} = {4869A79F-8A2A-4CF3-9236-C17ED3CD5105}
		{9D2E59AC-4FA7-44FA-9CBC-EDE02F64E803} = {52B8126B-3EA6-4C1D-9C9D-4D4CE76B9990}
		{C8ADD03B-CC97-4624-8BA4-56CE0E921123} = {52B8126B-3EA6-4C1D-9C9D-4D4CE76B9990}
		{2B97F194-205A-4AC5-8F35-46C8C6A4C6A0} = {52B8126B-3EA6-4C1D-9C9D-4D4CE76B9990}
		{2751078E-F14B-487A-81C8-19D1F6054FF5} = {721B444F-3601-45F3-846F-17F0685F1B7C}
		{3BCB4B89-5BF9-434A-AE6C-A8EB37D2A9A5} = {721B444F-3601-45F3-846F-17F0685F1B7C}
		{B1BB0137-E56A-4F79-850C-18F5813AFA19} = {721B444F-3601-45F3-846F-17F0685F1B7C}
	EndGlobalSection
	GlobalSection(ExtensibilityGlobals) = postSolution
		SolutionGuid = {37EB1BD1-F1DB-4209-A4D5-19552C547756}
	EndGlobalSection
EndGlobal
